# GENERATED FILE -- do not edit by hand.
# 
# Written by scripts/fetch_twse_openapi.py and scripts/fetch_documents.py.
# Declarations live in documents.yaml and structured.yaml; this file records what
# was actually obtained. Frozen by scripts/freeze_protocol.py, so an edit here
# after the freeze fails the test suite.
version: 1
records:
- id: 1301-FY2023-AR
  kind: document
  acquisition: manual
  relative_path: data/raw/manual/1301-FY2023-AR.pdf
  sha256: 38ecd6ac0224fd82ab0f398475bb5cd10dbfd9eb9787ea378447b9cd020497e2
  bytes: 3888490
  retrieved_at: '2026-07-30T18:29:34.280143+00:00'
  source_url: null
  http_status: null
  rows: null
  pages: 362
  notes: placed by hand from https://doc.twse.com.tw/server-java/t57sb01
- id: 2317-FY2023-AR
  kind: document
  acquisition: manual
  relative_path: data/raw/manual/2317-FY2023-AR.pdf
  sha256: 079dee6e5d6840a3165b80df3fe8cd9ebcf8d963173de38ae5a41f4bc3400907
  bytes: 7339881
  retrieved_at: '2026-07-30T18:29:34.328621+00:00'
  source_url: null
  http_status: null
  rows: null
  pages: 707
  notes: placed by hand from https://doc.twse.com.tw/server-java/t57sb01
- id: 2317-FY2024-AR
  kind: document
  acquisition: manual
  relative_path: data/raw/manual/2317-FY2024-AR.pdf
  sha256: b27c123b1c18385e7f504163395429b0b56348876f01c0b7160835ba6abee4ee
  bytes: 7930308
  retrieved_at: '2026-07-30T18:29:34.335177+00:00'
  source_url: null
  http_status: null
  rows: null
  pages: 136
  notes: placed by hand from https://doc.twse.com.tw/server-java/t57sb01
- id: 2317-FY2024-FS
  kind: document
  acquisition: manual
  relative_path: data/raw/manual/2317-FY2024-FS.pdf
  sha256: c93c08e05c6a458d1a05c47e5514844086ccb1e45f2990e586641a253e95daba
  bytes: 5910730
  retrieved_at: '2026-07-30T18:54:37.282563+00:00'
  source_url: null
  http_status: null
  rows: null
  pages: 202
  notes: placed by hand from https://doc.twse.com.tw/server-java/t57sb01
- id: 2330-FY2023-AR
  kind: document
  acquisition: manual
  relative_path: data/raw/manual/2330-FY2023-AR.pdf
  sha256: 3fe0b17e3d3c26e51374ff523acf7c846e3fa2e60bc11372969d13304efab285
  bytes: 10637570
  retrieved_at: '2026-07-30T18:29:34.343712+00:00'
  source_url: null
  http_status: null
  rows: null
  pages: 345
  notes: placed by hand from https://doc.twse.com.tw/server-java/t57sb01
- id: 2330-FY2024-AR
  kind: document
  acquisition: manual
  relative_path: data/raw/manual/2330-FY2024-AR.pdf
  sha256: 983ada7a8c55a00fa38b1c0f1b0ba358e47232ce772a43a61c09c6a8587e0f9a
  bytes: 10476995
  retrieved_at: '2026-07-30T18:29:34.363235+00:00'
  source_url: null
  http_status: null
  rows: null
  pages: 91
  notes: placed by hand from https://doc.twse.com.tw/server-java/t57sb01
- id: 2330-FY2024-FS
  kind: document
  acquisition: manual
  relative_path: data/raw/manual/2330-FY2024-FS.pdf
  sha256: 6ed0ee9be5beb71bf7be4aa63eb4dd48357e9729421d930ce119373a8d00f88a
  bytes: 9814510
  retrieved_at: '2026-07-30T18:54:37.358308+00:00'
  source_url: null
  http_status: null
  rows: null
  pages: 124
  notes: placed by hand from https://doc.twse.com.tw/server-java/t57sb01
- id: 2412-FY2023-AR
  kind: document
  acquisition: manual
  relative_path: data/raw/manual/2412-FY2023-AR.pdf
  sha256: 3c31328445884d03694f937adcf3138329ce917adb88007f8ae2f94da47d3fbe
  bytes: 10304031
  retrieved_at: '2026-07-30T18:29:34.372725+00:00'
  source_url: null
  http_status: null
  rows: null
  pages: 278
  notes: placed by hand from https://doc.twse.com.tw/server-java/t57sb01
- id: 2882-FY2024-AR
  kind: document
  acquisition: manual
  relative_path: data/raw/manual/2882-FY2024-AR.pdf
  sha256: 348f77d80c744f0fc78ea6cbc696755da5f7c01a3be873921b1959b67ed2dbbe
  bytes: 3092101
  retrieved_at: '2026-07-30T18:29:34.375857+00:00'
  source_url: null
  http_status: null
  rows: null
  pages: 248
  notes: placed by hand from https://doc.twse.com.tw/server-java/t57sb01
- id: 2882-FY2024-FS
  kind: document
  acquisition: manual
  relative_path: data/raw/manual/2882-FY2024-FS.pdf
  sha256: 82d8c24999a3f3d1db951032a623140a36852bbd050f8fef54601d0ef937b5cf
  bytes: 5941322
  retrieved_at: '2026-07-30T18:54:37.383718+00:00'
  source_url: null
  http_status: null
  rows: null
  pages: 402
  notes: placed by hand from https://doc.twse.com.tw/server-java/t57sb01
- id: twse-openapi-swagger
  kind: dataset
  acquisition: fetched
  relative_path: data/raw/structured/twse-openapi-swagger.json
  sha256: 2c2cecccb7a220ac9e263228a7659aa49b1ada5aea397650e601ad3dfcc48043
  bytes: 306043
  retrieved_at: '2026-07-30T17:38:28.895041+00:00'
  source_url: https://openapi.twse.com.tw/v1/swagger.json
  http_status: 200
  rows: null
  pages: null
  notes: Official API description; the provenance root for every endpoint below.
- id: twse-openapi-t187ap03_L
  kind: dataset
  acquisition: fetched
  relative_path: data/raw/structured/twse-openapi-t187ap03_L.json
  sha256: 3111c446e93fb47f8d2daeb09946943738b1564ef4c2769d7accf020841a4ba2
  bytes: 1323580
  retrieved_at: '2026-07-30T17:38:30.119715+00:00'
  source_url: https://openapi.twse.com.tw/v1/opendata/t187ap03_L
  http_status: 200
  rows: 1092
  pages: null
  notes: 上市公司基本資料 (company profile; 33 columns). Metadata questions.
- id: twse-openapi-t187ap05_L
  kind: dataset
  acquisition: fetched
  relative_path: data/raw/structured/twse-openapi-t187ap05_L.json
  sha256: 42b8ef34003a1323862dce1ce295e54e1dbf9cff40ee649c40c8e3fe3466c6eb
  bytes: 603059
  retrieved_at: '2026-07-30T17:38:31.494063+00:00'
  source_url: https://openapi.twse.com.tw/v1/opendata/t187ap05_L
  http_status: 200
  rows: 1082
  pages: null
  notes: 上市公司每月營業收入彙總表 (monthly revenue, current month only).
- id: twse-openapi-t187ap06_L_ci
  kind: dataset
  acquisition: fetched
  relative_path: data/raw/structured/twse-openapi-t187ap06_L_ci.json
  sha256: 8a5a5ca616d8455e3723f770be9f442ce70074f0251f15e97fc281eef1b0feea
  bytes: 1406981
  retrieved_at: '2026-07-30T17:38:32.997241+00:00'
  source_url: https://openapi.twse.com.tw/v1/opendata/t187ap06_L_ci
  http_status: 200
  rows: 1045
  pages: null
  notes: 上市公司綜合損益表(一般業) — 2330 / 2317 / 1301 / 2412.
- id: twse-openapi-t187ap06_L_fh
  kind: dataset
  acquisition: fetched
  relative_path: data/raw/structured/twse-openapi-t187ap06_L_fh.json
  sha256: ac3a43d43f622f1e56ab1d2a895acd5d1ec1a71e5d7c8d25af4552257c6baa0a
  bytes: 13464
  retrieved_at: '2026-07-30T17:38:34.475394+00:00'
  source_url: https://openapi.twse.com.tw/v1/opendata/t187ap06_L_fh
  http_status: 200
  rows: 13
  pages: null
  notes: 上市公司綜合損益表(金控業) — 2882. Different schema from 一般業.
- id: twse-openapi-t187ap07_L_ci
  kind: dataset
  acquisition: fetched
  relative_path: data/raw/structured/twse-openapi-t187ap07_L_ci.json
  sha256: 202e1d5065fdfbf0a9cadefd4a97940e64ed865fc3779a2544b593eb8cc1040f
  bytes: 852502
  retrieved_at: '2026-07-30T17:38:35.993298+00:00'
  source_url: https://openapi.twse.com.tw/v1/opendata/t187ap07_L_ci
  http_status: 200
  rows: 1045
  pages: null
  notes: 上市公司資產負債表(一般業), 26 columns.
- id: twse-openapi-t187ap07_L_fh
  kind: dataset
  acquisition: fetched
  relative_path: data/raw/structured/twse-openapi-t187ap07_L_fh.json
  sha256: 479e3377a5afabf5a01945bd55e2ddf3a5589d7dec0d7d227d9692842de58ab9
  bytes: 30900
  retrieved_at: '2026-07-30T17:38:37.478790+00:00'
  source_url: https://openapi.twse.com.tw/v1/opendata/t187ap07_L_fh
  http_status: 200
  rows: 13
  pages: null
  notes: 上市公司資產負債表(金控業), 60 columns.
- id: twse-openapi-t187ap14_L
  kind: dataset
  acquisition: fetched
  relative_path: data/raw/structured/twse-openapi-t187ap14_L.json
  sha256: d69eb0cb83ee4da6273f9c778d33edffde1f49d9c3ef483e6752efc309c4d8c5
  bytes: 401806
  retrieved_at: '2026-07-30T17:38:38.982879+00:00'
  source_url: https://openapi.twse.com.tw/v1/opendata/t187ap14_L
  http_status: 200
  rows: 1081
  pages: null
  notes: 上市公司各產業EPS統計資訊 (EPS, 營業利益, 普通股每股面額).
- id: twse-openapi-t187ap17_L
  kind: dataset
  acquisition: fetched
  relative_path: data/raw/structured/twse-openapi-t187ap17_L.json
  sha256: 6a62d42d6896170c711aaa4b937495f196d2512dd5edadca05a70203863af098
  bytes: 382809
  retrieved_at: '2026-07-30T17:38:40.484190+00:00'
  source_url: https://openapi.twse.com.tw/v1/opendata/t187ap17_L
  http_status: 200
  rows: 1051
  pages: null
  notes: 上市公司營益分析查詢彙總表 (毛利率, 營業利益率, 營業收入(百萬元)).
